
Microsoft Visual Studio Solution File, Format Version 12.00
# Visual Studio 15
VisualStudioVersion = 15.0.28010.2050
MinimumVisualStudioVersion = 10.0.40219.1
Project("{FAE04EC0-301F-11D3-BF4B-00C04F79EFBC}") = "AutomateIIS", "AutomateIIS\AutomateIIS.csproj", "{B0A35B26-4068-4B39-BCE1-76D92664E9FB}"
EndProject
Project("{FAE04EC0-301F-11D3-BF4B-00C04F79EFBC}") = "IISManagmentSite", "IISManagmentSite\IISManagmentSite.csproj", "{47963C2A-6D37-4022-98DD-1579D62F06E3}"
EndProject
Global
	GlobalSection(SolutionConfigurationPlatforms) = preSolution
		Debug|Any CPU = Debug|Any CPU
		Release|Any CPU = Release|Any CPU
	EndGlobalSection
	GlobalSection(ProjectConfigurationPlatforms) = postSolution
		{B0A35B26-4068-4B39-BCE1-76D92664E9FB}.Debug|Any CPU.ActiveCfg = Debug|Any CPU
		{B0A35B26-4068-4B39-BCE1-76D92664E9FB}.Debug|Any CPU.Build.0 = Debug|Any CPU
		{B0A35B26-4068-4B39-BCE1-76D92664E9FB}.Release|Any CPU.ActiveCfg = Release|Any CPU
		{B0A35B26-4068-4B39-BCE1-76D92664E9FB}.Release|Any CPU.Build.0 = Release|Any CPU
		{47963C2A-6D37-4022-98DD-1579D62F06E3}.Debug|Any CPU.ActiveCfg = Debug|Any CPU
		{47963C2A-6D37-4022-98DD-1579D62F06E3}.Debug|Any CPU.Build.0 = Debug|Any CPU
		{47963C2A-6D37-4022-98DD-1579D62F06E3}.Release|Any CPU.ActiveCfg = Release|Any CPU
		{47963C2A-6D37-4022-98DD-1579D62F06E3}.Release|Any CPU.Build.0 = Release|Any CPU
	EndGlobalSection
	GlobalSection(SolutionProperties) = preSolution
		HideSolutionNode = FALSE
	EndGlobalSection
	GlobalSection(ExtensibilityGlobals) = postSolution
		SolutionGuid = {06546A32-2BE6-4F44-89EE-10E00C27C07C}
	EndGlobalSection
EndGlobal
